// !$*UTF8*$!
{
	archiveVersion = 1;
	classes = {
	};
	objectVersion = 56;
	objects = {

/* Begin PBXBuildFile section */
		785A09E92A94DAC8007FB7AF /* App.swift in Sources */ = {isa = PBXBuildFile; fileRef = 785A09E82A94DAC8007FB7AF /* App.swift */; };
		785A09EB2A94DAC8007FB7AF /* ContentView.swift in Sources */ = {isa = PBXBuildFile; fileRef = 785A09EA2A94DAC8007FB7AF /* ContentView.swift */; };
		785A09ED2A94DAC8007FB7AF /* Assets.xcassets in Resources */ = {isa = PBXBuildFile; fileRef = 785A09EC2A94DAC8007FB7AF /* Assets.xcassets */; };
		785A09F02A94DAC8007FB7AF /* Preview Assets.xcassets in Resources */ = {isa = PBXBuildFile; fileRef = 785A09EF2A94DAC8007FB7AF /* Preview Assets.xcassets */; };
		785A09F72A94DAEC007FB7AF /* CoreDataStack.swift in Sources */ = {isa = PBXBuildFile; fileRef = 785A09F62A94DAEC007FB7AF /* CoreDataStack.swift */; };
		785A09FF2A94DBA2007FB7AF /* Model.xcdatamodeld in Sources */ = {isa = PBXBuildFile; fileRef = 785A09FD2A94DBA2007FB7AF /* Model.xcdatamodeld */; };
		785A0A012A94DBFA007FB7AF /* Article+CoreData.swift in Sources */ = {isa = PBXBuildFile; fileRef = 785A0A002A94DBFA007FB7AF /* Article+CoreData.swift */; };
		785A0A032A94DC8B007FB7AF /* FetchResultsView.swift in Sources */ = {isa = PBXBuildFile; fileRef = 785A0A022A94DC8B007FB7AF /* FetchResultsView.swift */; };
		785A0A052A94E09D007FB7AF /* SectionedFetchedResultsView.swift in Sources */ = {isa = PBXBuildFile; fileRef = 785A0A042A94E09D007FB7AF /* SectionedFetchedResultsView.swift */; };
		785A0A072A94E451007FB7AF /* DynamicFetchedResultsView.swift in Sources */ = {isa = PBXBuildFile; fileRef = 785A0A062A94E451007FB7AF /* DynamicFetchedResultsView.swift */; };
		785A0A092A94E64B007FB7AF /* DynamicArticleList.swift in Sources */ = {isa = PBXBuildFile; fileRef = 785A0A082A94E64B007FB7AF /* DynamicArticleList.swift */; };
		785A0A0B2A94E877007FB7AF /* DynamicSectionedFetchedResultsView.swift in Sources */ = {isa = PBXBuildFile; fileRef = 785A0A0A2A94E877007FB7AF /* DynamicSectionedFetchedResultsView.swift */; };
		785A0A0D2A94E892007FB7AF /* DynamicSectionedArticleList.swift in Sources */ = {isa = PBXBuildFile; fileRef = 785A0A0C2A94E892007FB7AF /* DynamicSectionedArticleList.swift */; };
/* End PBXBuildFile section */

/* Begin PBXFileReference section */
		785A09E52A94DAC8007FB7AF /* CoreDataFetchResults.app */ = {isa = PBXFileReference; explicitFileType = wrapper.application; includeInIndex = 0; path = CoreDataFetchResults.app; sourceTree = BUILT_PRODUCTS_DIR; };
		785A09E82A94DAC8007FB7AF /* App.swift */ = {isa = PBXFileReference; lastKnownFileType = sourcecode.swift; path = App.swift; sourceTree = "<group>"; };
		785A09EA2A94DAC8007FB7AF /* ContentView.swift */ = {isa = PBXFileReference; lastKnownFileType = sourcecode.swift; path = ContentView.swift; sourceTree = "<group>"; };
		785A09EC2A94DAC8007FB7AF /* Assets.xcassets */ = {isa = PBXFileReference; lastKnownFileType = folder.assetcatalog; path = Assets.xcassets; sourceTree = "<group>"; };
		785A09EF2A94DAC8007FB7AF /* Preview Assets.xcassets */ = {isa = PBXFileReference; lastKnownFileType = folder.assetcatalog; path = "Preview Assets.xcassets"; sourceTree = "<group>"; };
		785A09F62A94DAEC007FB7AF /* CoreDataStack.swift */ = {isa = PBXFileReference; lastKnownFileType = sourcecode.swift; path = CoreDataStack.swift; sourceTree = "<group>"; };
		785A09FE2A94DBA2007FB7AF /* Model.xcdatamodel */ = {isa = PBXFileReference; lastKnownFileType = wrapper.xcdatamodel; path = Model.xcdatamodel; sourceTree = "<group>"; };
		785A0A002A94DBFA007FB7AF /* Article+CoreData.swift */ = {isa = PBXFileReference; lastKnownFileType = sourcecode.swift; path = "Article+CoreData.swift"; sourceTree = "<group>"; };
		785A0A022A94DC8B007FB7AF /* FetchResultsView.swift */ = {isa = PBXFileReference; lastKnownFileType = sourcecode.swift; path = FetchResultsView.swift; sourceTree = "<group>"; };
		785A0A042A94E09D007FB7AF /* SectionedFetchedResultsView.swift */ = {isa = PBXFileReference; lastKnownFileType = sourcecode.swift; path = SectionedFetchedResultsView.swift; sourceTree = "<group>"; };
		785A0A062A94E451007FB7AF /* DynamicFetchedResultsView.swift */ = {isa = PBXFileReference; lastKnownFileType = sourcecode.swift; path = DynamicFetchedResultsView.swift; sourceTree = "<group>"; };
		785A0A082A94E64B007FB7AF /* DynamicArticleList.swift */ = {isa = PBXFileReference; lastKnownFileType = sourcecode.swift; path = DynamicArticleList.swift; sourceTree = "<group>"; };
		785A0A0A2A94E877007FB7AF /* DynamicSectionedFetchedResultsView.swift */ = {isa = PBXFileReference; lastKnownFileType = sourcecode.swift; path = DynamicSectionedFetchedResultsView.swift; sourceTree = "<group>"; };
		785A0A0C2A94E892007FB7AF /* DynamicSectionedArticleList.swift */ = {isa = PBXFileReference; lastKnownFileType = sourcecode.swift; path = DynamicSectionedArticleList.swift; sourceTree = "<group>"; };
/* End PBXFileReference section */

/* Begin PBXFrameworksBuildPhase section */
		785A09E22A94DAC8007FB7AF /* Frameworks */ = {
			isa = PBXFrameworksBuildPhase;
			buildActionMask = 2147483647;
			files = (
			);
			runOnlyForDeploymentPostprocessing = 0;
		};
/* End PBXFrameworksBuildPhase section */

/* Begin PBXGroup section */
		785A09DC2A94DAC8007FB7AF = {
			isa = PBXGroup;
			children = (
				785A09E72A94DAC8007FB7AF /* CoreDataFetchResults */,
				785A09E62A94DAC8007FB7AF /* Products */,
			);
			sourceTree = "<group>";
		};
		785A09E62A94DAC8007FB7AF /* Products */ = {
			isa = PBXGroup;
			children = (
				785A09E52A94DAC8007FB7AF /* CoreDataFetchResults.app */,
			);
			name = Products;
			sourceTree = "<group>";
		};
		785A09E72A94DAC8007FB7AF /* CoreDataFetchResults */ = {
			isa = PBXGroup;
			children = (
				785A09FC2A94DB6B007FB7AF /* CoreDataStack */,
				785A09FB2A94DB12007FB7AF /* DynamicSectionedFetchResults */,
				785A09FA2A94DB09007FB7AF /* DynamicFetchResults */,
				785A09F92A94DB01007FB7AF /* SectionedFetchResults */,
				785A09F82A94DAFC007FB7AF /* FetchResults */,
				785A09E82A94DAC8007FB7AF /* App.swift */,
				785A09EA2A94DAC8007FB7AF /* ContentView.swift */,
				785A09EC2A94DAC8007FB7AF /* Assets.xcassets */,
				785A09EE2A94DAC8007FB7AF /* Preview Content */,
			);
			path = CoreDataFetchResults;
			sourceTree = "<group>";
		};
		785A09EE2A94DAC8007FB7AF /* Preview Content */ = {
			isa = PBXGroup;
			children = (
				785A09EF2A94DAC8007FB7AF /* Preview Assets.xcassets */,
			);
			path = "Preview Content";
			sourceTree = "<group>";
		};
		785A09F82A94DAFC007FB7AF /* FetchResults */ = {
			isa = PBXGroup;
			children = (
				785A0A022A94DC8B007FB7AF /* FetchResultsView.swift */,
			);
			path = FetchResults;
			sourceTree = "<group>";
		};
		785A09F92A94DB01007FB7AF /* SectionedFetchResults */ = {
			isa = PBXGroup;
			children = (
				785A0A042A94E09D007FB7AF /* SectionedFetchedResultsView.swift */,
			);
			path = SectionedFetchResults;
			sourceTree = "<group>";
		};
		785A09FA2A94DB09007FB7AF /* DynamicFetchResults */ = {
			isa = PBXGroup;
			children = (
				785A0A062A94E451007FB7AF /* DynamicFetchedResultsView.swift */,
				785A0A082A94E64B007FB7AF /* DynamicArticleList.swift */,
			);
			path = DynamicFetchResults;
			sourceTree = "<group>";
		};
		785A09FB2A94DB12007FB7AF /* DynamicSectionedFetchResults */ = {
			isa = PBXGroup;
			children = (
				785A0A0A2A94E877007FB7AF /* DynamicSectionedFetchedResultsView.swift */,
				785A0A0C2A94E892007FB7AF /* DynamicSectionedArticleList.swift */,
			);
			path = DynamicSectionedFetchResults;
			sourceTree = "<group>";
		};
		785A09FC2A94DB6B007FB7AF /* CoreDataStack */ = {
			isa = PBXGroup;
			children = (
				785A0A002A94DBFA007FB7AF /* Article+CoreData.swift */,
				785A09F62A94DAEC007FB7AF /* CoreDataStack.swift */,
				785A09FD2A94DBA2007FB7AF /* Model.xcdatamodeld */,
			);
			path = CoreDataStack;
			sourceTree = "<group>";
		};
/* End PBXGroup section */

/* Begin PBXNativeTarget section */
		785A09E42A94DAC8007FB7AF /* CoreDataFetchResults */ = {
			isa = PBXNativeTarget;
			buildConfigurationList = 785A09F32A94DAC8007FB7AF /* Build configuration list for PBXNativeTarget "CoreDataFetchResults" */;
			buildPhases = (
				785A09E12A94DAC8007FB7AF /* Sources */,
				785A09E22A94DAC8007FB7AF /* Frameworks */,
				785A09E32A94DAC8007FB7AF /* Resources */,
			);
			buildRules = (
			);
			dependencies = (
			);
			name = CoreDataFetchResults;
			productName = CoreDataFetchResults;
			productReference = 785A09E52A94DAC8007FB7AF /* CoreDataFetchResults.app */;
			productType = "com.apple.product-type.application";
		};
/* End PBXNativeTarget section */

/* Begin PBXProject section */
		785A09DD2A94DAC8007FB7AF /* Project object */ = {
			isa = PBXProject;
			attributes = {
				BuildIndependentTargetsInParallel = 1;
				LastSwiftUpdateCheck = 1430;
				LastUpgradeCheck = 1430;
				TargetAttributes = {
					785A09E42A94DAC8007FB7AF = {
						CreatedOnToolsVersion = 14.3;
					};
				};
			};
			buildConfigurationList = 785A09E02A94DAC8007FB7AF /* Build configuration list for PBXProject "CoreDataFetchResults" */;
			compatibilityVersion = "Xcode 14.0";
			developmentRegion = en;
			hasScannedForEncodings = 0;
			knownRegions = (
				en,
				Base,
			);
			mainGroup = 785A09DC2A94DAC8007FB7AF;
			productRefGroup = 785A09E62A94DAC8007FB7AF /* Products */;
			projectDirPath = "";
			projectRoot = "";
			targets = (
				785A09E42A94DAC8007FB7AF /* CoreDataFetchResults */,
			);
		};
/* End PBXProject section */

/* Begin PBXResourcesBuildPhase section */
		785A09E32A94DAC8007FB7AF /* Resources */ = {
			isa = PBXResourcesBuildPhase;
			buildActionMask = 2147483647;
			files = (
				785A09F02A94DAC8007FB7AF /* Preview Assets.xcassets in Resources */,
				785A09ED2A94DAC8007FB7AF /* Assets.xcassets in Resources */,
			);
			runOnlyForDeploymentPostprocessing = 0;
		};
/* End PBXResourcesBuildPhase section */

/* Begin PBXSourcesBuildPhase section */
		785A09E12A94DAC8007FB7AF /* Sources */ = {
			isa = PBXSourcesBuildPhase;
			buildActionMask = 2147483647;
			files = (
				785A09F72A94DAEC007FB7AF /* CoreDataStack.swift in Sources */,
				785A0A012A94DBFA007FB7AF /* Article+CoreData.swift in Sources */,
				785A09EB2A94DAC8007FB7AF /* ContentView.swift in Sources */,
				785A0A0B2A94E877007FB7AF /* DynamicSectionedFetchedResultsView.swift in Sources */,
				785A0A0D2A94E892007FB7AF /* DynamicSectionedArticleList.swift in Sources */,
				785A09E92A94DAC8007FB7AF /* App.swift in Sources */,
				785A0A032A94DC8B007FB7AF /* FetchResultsView.swift in Sources */,
				785A0A092A94E64B007FB7AF /* DynamicArticleList.swift in Sources */,
				785A09FF2A94DBA2007FB7AF /* Model.xcdatamodeld in Sources */,
				785A0A052A94E09D007FB7AF /* SectionedFetchedResultsView.swift in Sources */,
				785A0A072A94E451007FB7AF /* DynamicFetchedResultsView.swift in Sources */,
			);
			runOnlyForDeploymentPostprocessing = 0;
		};
/* End PBXSourcesBuildPhase section */

/* Begin XCBuildConfiguration section */
		785A09F12A94DAC8007FB7AF /* Debug */ = {
			isa = XCBuildConfiguration;
			buildSettings = {
				ALWAYS_SEARCH_USER_PATHS = NO;
				CLANG_ANALYZER_NONNULL = YES;
				CLANG_ANALYZER_NUMBER_OBJECT_CONVERSION = YES_AGGRESSIVE;
				CLANG_CXX_LANGUAGE_STANDARD = "gnu++20";
				CLANG_ENABLE_MODULES = YES;
				CLANG_ENABLE_OBJC_ARC = YES;
				CLANG_ENABLE_OBJC_WEAK = YES;
				CLANG_WARN_BLOCK_CAPTURE_AUTORELEASING = YES;
				CLANG_WARN_BOOL_CONVERSION = YES;
				CLANG_WARN_COMMA = YES;
				CLANG_WARN_CONSTANT_CONVERSION = YES;
				CLANG_WARN_DEPRECATED_OBJC_IMPLEMENTATIONS = YES;
				CLANG_WARN_DIRECT_OBJC_ISA_USAGE = YES_ERROR;
				CLANG_WARN_DOCUMENTATION_COMMENTS = YES;
				CLANG_WARN_EMPTY_BODY = YES;
				CLANG_WARN_ENUM_CONVERSION = YES;
				CLANG_WARN_INFINITE_RECURSION = YES;
				CLANG_WARN_INT_CONVERSION = YES;
				CLANG_WARN_NON_LITERAL_NULL_CONVERSION = YES;
				CLANG_WARN_OBJC_IMPLICIT_RETAIN_SELF = YES;
				CLANG_WARN_OBJC_LITERAL_CONVERSION = YES;
				CLANG_WARN_OBJC_ROOT_CLASS = YES_ERROR;
				CLANG_WARN_QUOTED_INCLUDE_IN_FRAMEWORK_HEADER = YES;
				CLANG_WARN_RANGE_LOOP_ANALYSIS = YES;
				CLANG_WARN_STRICT_PROTOTYPES = YES;
				CLANG_WARN_SUSPICIOUS_MOVE = YES;
				CLANG_WARN_UNGUARDED_AVAILABILITY = YES_AGGRESSIVE;
				CLANG_WARN_UNREACHABLE_CODE = YES;
				CLANG_WARN__DUPLICATE_METHOD_MATCH = YES;
				COPY_PHASE_STRIP = NO;
				DEBUG_INFORMATION_FORMAT = dwarf;
				ENABLE_STRICT_OBJC_MSGSEND = YES;
				ENABLE_TESTABILITY = YES;
				GCC_C_LANGUAGE_STANDARD = gnu11;
				GCC_DYNAMIC_NO_PIC = NO;
				GCC_NO_COMMON_BLOCKS = YES;
				GCC_OPTIMIZATION_LEVEL = 0;
				GCC_PREPROCESSOR_DEFINITIONS = (
					"DEBUG=1",
					"$(inherited)",
				);
				GCC_WARN_64_TO_32_BIT_CONVERSION = YES;
				GCC_WARN_ABOUT_RETURN_TYPE = YES_ERROR;
				GCC_WARN_UNDECLARED_SELECTOR = YES;
				GCC_WARN_UNINITIALIZED_AUTOS = YES_AGGRESSIVE;
				GCC_WARN_UNUSED_FUNCTION = YES;
				GCC_WARN_UNUSED_VARIABLE = YES;
				IPHONEOS_DEPLOYMENT_TARGET = 16.4;
				MTL_ENABLE_DEBUG_INFO = INCLUDE_SOURCE;
				MTL_FAST_MATH = YES;
				ONLY_ACTIVE_ARCH = YES;
				SDKROOT = iphoneos;
				SWIFT_ACTIVE_COMPILATION_CONDITIONS = DEBUG;
				SWIFT_OPTIMIZATION_LEVEL = "-Onone";
			};
			name = Debug;
		};
		785A09F22A94DAC8007FB7AF /* Release */ = {
			isa = XCBuildConfiguration;
			buildSettings = {
				ALWAYS_SEARCH_USER_PATHS = NO;
				CLANG_ANALYZER_NONNULL = YES;
				CLANG_ANALYZER_NUMBER_OBJECT_CONVERSION = YES_AGGRESSIVE;
				CLANG_CXX_LANGUAGE_STANDARD = "gnu++20";
				CLANG_ENABLE_MODULES = YES;
				CLANG_ENABLE_OBJC_ARC = YES;
				CLANG_ENABLE_OBJC_WEAK = YES;
				CLANG_WARN_BLOCK_CAPTURE_AUTORELEASING = YES;
				CLANG_WARN_BOOL_CONVERSION = YES;
				CLANG_WARN_COMMA = YES;
				CLANG_WARN_CONSTANT_CONVERSION = YES;
				CLANG_WARN_DEPRECATED_OBJC_IMPLEMENTATIONS = YES;
				CLANG_WARN_DIRECT_OBJC_ISA_USAGE = YES_ERROR;
				CLANG_WARN_DOCUMENTATION_COMMENTS = YES;
				CLANG_WARN_EMPTY_BODY = YES;
				CLANG_WARN_ENUM_CONVERSION = YES;
				CLANG_WARN_INFINITE_RECURSION = YES;
				CLANG_WARN_INT_CONVERSION = YES;
				CLANG_WARN_NON_LITERAL_NULL_CONVERSION = YES;
				CLANG_WARN_OBJC_IMPLICIT_RETAIN_SELF = YES;
				CLANG_WARN_OBJC_LITERAL_CONVERSION = YES;
				CLANG_WARN_OBJC_ROOT_CLASS = YES_ERROR;
				CLANG_WARN_QUOTED_INCLUDE_IN_FRAMEWORK_HEADER = YES;
				CLANG_WARN_RANGE_LOOP_ANALYSIS = YES;
				CLANG_WARN_STRICT_PROTOTYPES = YES;
				CLANG_WARN_SUSPICIOUS_MOVE = YES;
				CLANG_WARN_UNGUARDED_AVAILABILITY = YES_AGGRESSIVE;
				CLANG_WARN_UNREACHABLE_CODE = YES;
				CLANG_WARN__DUPLICATE_METHOD_MATCH = YES;
				COPY_PHASE_STRIP = NO;
				DEBUG_INFORMATION_FORMAT = "dwarf-with-dsym";
				ENABLE_NS_ASSERTIONS = NO;
				ENABLE_STRICT_OBJC_MSGSEND = YES;
				GCC_C_LANGUAGE_STANDARD = gnu11;
				GCC_NO_COMMON_BLOCKS = YES;
				GCC_WARN_64_TO_32_BIT_CONVERSION = YES;
				GCC_WARN_ABOUT_RETURN_TYPE = YES_ERROR;
				GCC_WARN_UNDECLARED_SELECTOR = YES;
				GCC_WARN_UNINITIALIZED_AUTOS = YES_AGGRESSIVE;
				GCC_WARN_UNUSED_FUNCTION = YES;
				GCC_WARN_UNUSED_VARIABLE = YES;
				IPHONEOS_DEPLOYMENT_TARGET = 16.4;
				MTL_ENABLE_DEBUG_INFO = NO;
				MTL_FAST_MATH = YES;
				SDKROOT = iphoneos;
				SWIFT_COMPILATION_MODE = wholemodule;
				SWIFT_OPTIMIZATION_LEVEL = "-O";
				VALIDATE_PRODUCT = YES;
			};
			name = Release;
		};
		785A09F42A94DAC8007FB7AF /* Debug */ = {
			isa = XCBuildConfiguration;
			buildSettings = {
				ASSETCATALOG_COMPILER_APPICON_NAME = AppIcon;
				ASSETCATALOG_COMPILER_GLOBAL_ACCENT_COLOR_NAME = AccentColor;
				CODE_SIGN_STYLE = Automatic;
				CURRENT_PROJECT_VERSION = 1;
				DEVELOPMENT_ASSET_PATHS = "\"CoreDataFetchResults/Preview Content\"";
				DEVELOPMENT_TEAM = KF26866D8J;
				ENABLE_PREVIEWS = YES;
				GENERATE_INFOPLIST_FILE = YES;
				INFOPLIST_KEY_UIApplicationSceneManifest_Generation = YES;
				INFOPLIST_KEY_UIApplicationSupportsIndirectInputEvents = YES;
				INFOPLIST_KEY_UILaunchScreen_Generation = YES;
				INFOPLIST_KEY_UISupportedInterfaceOrientations_iPad = "UIInterfaceOrientationPortrait UIInterfaceOrientationPortraitUpsideDown UIInterfaceOrientationLandscapeLeft UIInterfaceOrientationLandscapeRight";
				INFOPLIST_KEY_UISupportedInterfaceOrientations_iPhone = "UIInterfaceOrientationPortrait UIInterfaceOrientationLandscapeLeft UIInterfaceOrientationLandscapeRight";
				LD_RUNPATH_SEARCH_PATHS = (
					"$(inherited)",
					"@executable_path/Frameworks",
				);
				MARKETING_VERSION = 1.0;
				PRODUCT_BUNDLE_IDENTIFIER = com.cubically.co.CoreDataFetchResults;
				PRODUCT_NAME = "$(TARGET_NAME)";
				SWIFT_EMIT_LOC_STRINGS = YES;
				SWIFT_VERSION = 5.0;
				TARGETED_DEVICE_FAMILY = "1,2";
			};
			name = Debug;
		};
		785A09F52A94DAC8007FB7AF /* Release */ = {
			isa = XCBuildConfiguration;
			buildSettings = {
				ASSETCATALOG_COMPILER_APPICON_NAME = AppIcon;
				ASSETCATALOG_COMPILER_GLOBAL_ACCENT_COLOR_NAME = AccentColor;
				CODE_SIGN_STYLE = Automatic;
				CURRENT_PROJECT_VERSION = 1;
				DEVELOPMENT_ASSET_PATHS = "\"CoreDataFetchResults/Preview Content\"";
				DEVELOPMENT_TEAM = KF26866D8J;
				ENABLE_PREVIEWS = YES;
				GENERATE_INFOPLIST_FILE = YES;
				INFOPLIST_KEY_UIApplicationSceneManifest_Generation = YES;
				INFOPLIST_KEY_UIApplicationSupportsIndirectInputEvents = YES;
				INFOPLIST_KEY_UILaunchScreen_Generation = YES;
				INFOPLIST_KEY_UISupportedInterfaceOrientations_iPad = "UIInterfaceOrientationPortrait UIInterfaceOrientationPortraitUpsideDown UIInterfaceOrientationLandscapeLeft UIInterfaceOrientationLandscapeRight";
				INFOPLIST_KEY_UISupportedInterfaceOrientations_iPhone = "UIInterfaceOrientationPortrait UIInterfaceOrientationLandscapeLeft UIInterfaceOrientationLandscapeRight";
				LD_RUNPATH_SEARCH_PATHS = (
					"$(inherited)",
					"@executable_path/Frameworks",
				);
				MARKETING_VERSION = 1.0;
				PRODUCT_BUNDLE_IDENTIFIER = com.cubically.co.CoreDataFetchResults;
				PRODUCT_NAME = "$(TARGET_NAME)";
				SWIFT_EMIT_LOC_STRINGS = YES;
				SWIFT_VERSION = 5.0;
				TARGETED_DEVICE_FAMILY = "1,2";
			};
			name = Release;
		};
/* End XCBuildConfiguration section */

/* Begin XCConfigurationList section */
		785A09E02A94DAC8007FB7AF /* Build configuration list for PBXProject "CoreDataFetchResults" */ = {
			isa = XCConfigurationList;
			buildConfigurations = (
				785A09F12A94DAC8007FB7AF /* Debug */,
				785A09F22A94DAC8007FB7AF /* Release */,
			);
			defaultConfigurationIsVisible = 0;
			defaultConfigurationName = Release;
		};
		785A09F32A94DAC8007FB7AF /* Build configuration list for PBXNativeTarget "CoreDataFetchResults" */ = {
			isa = XCConfigurationList;
			buildConfigurations = (
				785A09F42A94DAC8007FB7AF /* Debug */,
				785A09F52A94DAC8007FB7AF /* Release */,
			);
			defaultConfigurationIsVisible = 0;
			defaultConfigurationName = Release;
		};
/* End XCConfigurationList section */

/* Begin XCVersionGroup section */
		785A09FD2A94DBA2007FB7AF /* Model.xcdatamodeld */ = {
			isa = XCVersionGroup;
			children = (
				785A09FE2A94DBA2007FB7AF /* Model.xcdatamodel */,
			);
			currentVersion = 785A09FE2A94DBA2007FB7AF /* Model.xcdatamodel */;
			path = Model.xcdatamodeld;
			sourceTree = "<group>";
			versionGroupType = wrapper.xcdatamodel;
		};
/* End XCVersionGroup section */
	};
	rootObject = 785A09DD2A94DAC8007FB7AF /* Project object */;
}
